// !$*UTF8*$!
{
	archiveVersion = 1;
	classes = {
	};
	objectVersion = 46;
	objects = {

/* Begin PBXBuildFile section */
		812B049D1DBE507200C1AC05 /* CassiniViewController.swift in Sources */ = {isa = PBXBuildFile; fileRef = 812B049C1DBE507200C1AC05 /* CassiniViewController.swift */; };
		81554FC01DBA5E1A003FE6E2 /* AppDelegate.swift in Sources */ = {isa = PBXBuildFile; fileRef = 81554FBF1DBA5E1A003FE6E2 /* AppDelegate.swift */; };
		81554FC51DBA5E1A003FE6E2 /* Main.storyboard in Resources */ = {isa = PBXBuildFile; fileRef = 81554FC31DBA5E1A003FE6E2 /* Main.storyboard */; };
		81554FC71DBA5E1A003FE6E2 /* Assets.xcassets in Resources */ = {isa = PBXBuildFile; fileRef = 81554FC61DBA5E1A003FE6E2 /* Assets.xcassets */; };
		81554FCA1DBA5E1A003FE6E2 /* LaunchScreen.storyboard in Resources */ = {isa = PBXBuildFile; fileRef = 81554FC81DBA5E1A003FE6E2 /* LaunchScreen.storyboard */; };
		81554FD51DBA5F22003FE6E2 /* ImageViewController.swift in Sources */ = {isa = PBXBuildFile; fileRef = 81554FD41DBA5F22003FE6E2 /* ImageViewController.swift */; };
		81554FD71DBA795B003FE6E2 /* DemoURL.swift in Sources */ = {isa = PBXBuildFile; fileRef = 81554FD61DBA795B003FE6E2 /* DemoURL.swift */; };
/* End PBXBuildFile section */

/* Begin PBXFileReference section */
		812B049C1DBE507200C1AC05 /* CassiniViewController.swift */ = {isa = PBXFileReference; fileEncoding = 4; lastKnownFileType = sourcecode.swift; path = CassiniViewController.swift; sourceTree = "<group>"; };
		81554FBC1DBA5E1A003FE6E2 /* Cassini.app */ = {isa = PBXFileReference; explicitFileType = wrapper.application; includeInIndex = 0; path = Cassini.app; sourceTree = BUILT_PRODUCTS_DIR; };
		81554FBF1DBA5E1A003FE6E2 /* AppDelegate.swift */ = {isa = PBXFileReference; lastKnownFileType = sourcecode.swift; path = AppDelegate.swift; sourceTree = "<group>"; };
		81554FC41DBA5E1A003FE6E2 /* Base */ = {isa = PBXFileReference; lastKnownFileType = file.storyboard; name = Base; path = Base.lproj/Main.storyboard; sourceTree = "<group>"; };
		81554FC61DBA5E1A003FE6E2 /* Assets.xcassets */ = {isa = PBXFileReference; lastKnownFileType = folder.assetcatalog; path = Assets.xcassets; sourceTree = "<group>"; };
		81554FC91DBA5E1A003FE6E2 /* Base */ = {isa = PBXFileReference; lastKnownFileType = file.storyboard; name = Base; path = Base.lproj/LaunchScreen.storyboard; sourceTree = "<group>"; };
		81554FCB1DBA5E1A003FE6E2 /* Info.plist */ = {isa = PBXFileReference; lastKnownFileType = text.plist.xml; path = Info.plist; sourceTree = "<group>"; };
		81554FD41DBA5F22003FE6E2 /* ImageViewController.swift */ = {isa = PBXFileReference; fileEncoding = 4; lastKnownFileType = sourcecode.swift; path = ImageViewController.swift; sourceTree = "<group>"; };
		81554FD61DBA795B003FE6E2 /* DemoURL.swift */ = {isa = PBXFileReference; fileEncoding = 4; lastKnownFileType = sourcecode.swift; path = DemoURL.swift; sourceTree = "<group>"; };
/* End PBXFileReference section */

/* Begin PBXFrameworksBuildPhase section */
		81554FB91DBA5E1A003FE6E2 /* Frameworks */ = {
			isa = PBXFrameworksBuildPhase;
			buildActionMask = 2147483647;
			files = (
			);
			runOnlyForDeploymentPostprocessing = 0;
		};
/* End PBXFrameworksBuildPhase section */

/* Begin PBXGroup section */
		81554FB31DBA5E1A003FE6E2 = {
			isa = PBXGroup;
			children = (
				81554FBE1DBA5E1A003FE6E2 /* Cassini */,
				81554FBD1DBA5E1A003FE6E2 /* Products */,
			);
			sourceTree = "<group>";
		};
		81554FBD1DBA5E1A003FE6E2 /* Products */ = {
			isa = PBXGroup;
			children = (
				81554FBC1DBA5E1A003FE6E2 /* Cassini.app */,
			);
			name = Products;
			sourceTree = "<group>";
		};
		81554FBE1DBA5E1A003FE6E2 /* Cassini */ = {
			isa = PBXGroup;
			children = (
				81554FD41DBA5F22003FE6E2 /* ImageViewController.swift */,
				81554FD61DBA795B003FE6E2 /* DemoURL.swift */,
				81554FC31DBA5E1A003FE6E2 /* Main.storyboard */,
				812B049C1DBE507200C1AC05 /* CassiniViewController.swift */,
				81554FD11DBA5E73003FE6E2 /* Other */,
			);
			path = Cassini;
			sourceTree = "<group>";
		};
		81554FD11DBA5E73003FE6E2 /* Other */ = {
			isa = PBXGroup;
			children = (
				81554FBF1DBA5E1A003FE6E2 /* AppDelegate.swift */,
				81554FC61DBA5E1A003FE6E2 /* Assets.xcassets */,
				81554FC81DBA5E1A003FE6E2 /* LaunchScreen.storyboard */,
				81554FCB1DBA5E1A003FE6E2 /* Info.plist */,
			);
			name = Other;
			sourceTree = "<group>";
		};
/* End PBXGroup section */

/* Begin PBXNativeTarget section */
		81554FBB1DBA5E1A003FE6E2 /* Cassini */ = {
			isa = PBXNativeTarget;
			buildConfigurationList = 81554FCE1DBA5E1A003FE6E2 /* Build configuration list for PBXNativeTarget "Cassini" */;
			buildPhases = (
				81554FB81DBA5E1A003FE6E2 /* Sources */,
				81554FB91DBA5E1A003FE6E2 /* Frameworks */,
				81554FBA1DBA5E1A003FE6E2 /* Resources */,
			);
			buildRules = (
			);
			dependencies = (
			);
			name = Cassini;
			productName = Cassini;
			productReference = 81554FBC1DBA5E1A003FE6E2 /* Cassini.app */;
			productType = "com.apple.product-type.application";
		};
/* End PBXNativeTarget section */

/* Begin PBXProject section */
		81554FB41DBA5E1A003FE6E2 /* Project object */ = {
			isa = PBXProject;
			attributes = {
				LastSwiftUpdateCheck = 0800;
				LastUpgradeCheck = 0800;
				ORGANIZATIONNAME = Tektonlabs;
				TargetAttributes = {
					81554FBB1DBA5E1A003FE6E2 = {
						CreatedOnToolsVersion = 8.0;
						DevelopmentTeam = KL955RL3SL;
						ProvisioningStyle = Automatic;
					};
				};
			};
			buildConfigurationList = 81554FB71DBA5E1A003FE6E2 /* Build configuration list for PBXProject "Cassini" */;
			compatibilityVersion = "Xcode 3.2";
			developmentRegion = English;
			hasScannedForEncodings = 0;
			knownRegions = (
				en,
				Base,
			);
			mainGroup = 81554FB31DBA5E1A003FE6E2;
			productRefGroup = 81554FBD1DBA5E1A003FE6E2 /* Products */;
			projectDirPath = "";
			projectRoot = "";
			targets = (
				81554FBB1DBA5E1A003FE6E2 /* Cassini */,
			);
		};
/* End PBXProject section */

/* Begin PBXResourcesBuildPhase section */
		81554FBA1DBA5E1A003FE6E2 /* Resources */ = {
			isa = PBXResourcesBuildPhase;
			buildActionMask = 2147483647;
			files = (
				81554FCA1DBA5E1A003FE6E2 /* LaunchScreen.storyboard in Resources */,
				81554FC71DBA5E1A003FE6E2 /* Assets.xcassets in Resources */,
				81554FC51DBA5E1A003FE6E2 /* Main.storyboard in Resources */,
			);
			runOnlyForDeploymentPostprocessing = 0;
		};
/* End PBXResourcesBuildPhase section */

/* Begin PBXSourcesBuildPhase section */
		81554FB81DBA5E1A003FE6E2 /* Sources */ = {
			isa = PBXSourcesBuildPhase;
			buildActionMask = 2147483647;
			files = (
				81554FD51DBA5F22003FE6E2 /* ImageViewController.swift in Sources */,
				81554FC01DBA5E1A003FE6E2 /* AppDelegate.swift in Sources */,
				81554FD71DBA795B003FE6E2 /* DemoURL.swift in Sources */,
				812B049D1DBE507200C1AC05 /* CassiniViewController.swift in Sources */,
			);
			runOnlyForDeploymentPostprocessing = 0;
		};
/* End PBXSourcesBuildPhase section */

/* Begin PBXVariantGroup section */
		81554FC31DBA5E1A003FE6E2 /* Main.storyboard */ = {
			isa = PBXVariantGroup;
			children = (
				81554FC41DBA5E1A003FE6E2 /* Base */,
			);
			name = Main.storyboard;
			sourceTree = "<group>";
		};
		81554FC81DBA5E1A003FE6E2 /* LaunchScreen.storyboard */ = {
			isa = PBXVariantGroup;
			children = (
				81554FC91DBA5E1A003FE6E2 /* Base */,
			);
			name = LaunchScreen.storyboard;
			sourceTree = "<group>";
		};
/* End PBXVariantGroup section */

/* Begin XCBuildConfiguration section */
		81554FCC1DBA5E1A003FE6E2 /* Debug */ = {
			isa = XCBuildConfiguration;
			buildSettings = {
				ALWAYS_SEARCH_USER_PATHS = NO;
				CLANG_ANALYZER_NONNULL = YES;
				CLANG_CXX_LANGUAGE_STANDARD = "gnu++0x";
				CLANG_CXX_LIBRARY = "libc++";
				CLANG_ENABLE_MODULES = YES;
				CLANG_ENABLE_OBJC_ARC = YES;
				CLANG_WARN_BOOL_CONVERSION = YES;
				CLANG_WARN_CONSTANT_CONVERSION = YES;
				CLANG_WARN_DIRECT_OBJC_ISA_USAGE = YES_ERROR;
				CLANG_WARN_DOCUMENTATION_COMMENTS = YES;
				CLANG_WARN_EMPTY_BODY = YES;
				CLANG_WARN_ENUM_CONVERSION = YES;
				CLANG_WARN_INFINITE_RECURSION = YES;
				CLANG_WARN_INT_CONVERSION = YES;
				CLANG_WARN_OBJC_ROOT_CLASS = YES_ERROR;
				CLANG_WARN_SUSPICIOUS_MOVES = YES;
				CLANG_WARN_UNREACHABLE_CODE = YES;
				CLANG_WARN__DUPLICATE_METHOD_MATCH = YES;
				"CODE_SIGN_IDENTITY[sdk=iphoneos*]" = "iPhone Developer";
				COPY_PHASE_STRIP = NO;
				DEBUG_INFORMATION_FORMAT = dwarf;
				ENABLE_STRICT_OBJC_MSGSEND = YES;
				ENABLE_TESTABILITY = YES;
				GCC_C_LANGUAGE_STANDARD = gnu99;
				GCC_DYNAMIC_NO_PIC = NO;
				GCC_NO_COMMON_BLOCKS = YES;
				GCC_OPTIMIZATION_LEVEL = 0;
				GCC_PREPROCESSOR_DEFINITIONS = (
					"DEBUG=1",
					"$(inherited)",
				);
				GCC_WARN_64_TO_32_BIT_CONVERSION = YES;
				GCC_WARN_ABOUT_RETURN_TYPE = YES_ERROR;
				GCC_WARN_UNDECLARED_SELECTOR = YES;
				GCC_WARN_UNINITIALIZED_AUTOS = YES_AGGRESSIVE;
				GCC_WARN_UNUSED_FUNCTION = YES;
				GCC_WARN_UNUSED_VARIABLE = YES;
				IPHONEOS_DEPLOYMENT_TARGET = 10.0;
				MTL_ENABLE_DEBUG_INFO = YES;
				ONLY_ACTIVE_ARCH = YES;
				SDKROOT = iphoneos;
				SWIFT_ACTIVE_COMPILATION_CONDITIONS = DEBUG;
				SWIFT_OPTIMIZATION_LEVEL = "-Onone";
				TARGETED_DEVICE_FAMILY = "1,2";
			};
			name = Debug;
		};
		81554FCD1DBA5E1A003FE6E2 /* Release */ = {
			isa = XCBuildConfiguration;
			buildSettings = {
				ALWAYS_SEARCH_USER_PATHS = NO;
				CLANG_ANALYZER_NONNULL = YES;
				CLANG_CXX_LANGUAGE_STANDARD = "gnu++0x";
				CLANG_CXX_LIBRARY = "libc++";
				CLANG_ENABLE_MODULES = YES;
				CLANG_ENABLE_OBJC_ARC = YES;
				CLANG_WARN_BOOL_CONVERSION = YES;
				CLANG_WARN_CONSTANT_CONVERSION = YES;
				CLANG_WARN_DIRECT_OBJC_ISA_USAGE = YES_ERROR;
				CLANG_WARN_DOCUMENTATION_COMMENTS = YES;
				CLANG_WARN_EMPTY_BODY = YES;
				CLANG_WARN_ENUM_CONVERSION = YES;
				CLANG_WARN_INFINITE_RECURSION = YES;
				CLANG_WARN_INT_CONVERSION = YES;
				CLANG_WARN_OBJC_ROOT_CLASS = YES_ERROR;
				CLANG_WARN_SUSPICIOUS_MOVES = YES;
				CLANG_WARN_UNREACHABLE_CODE = YES;
				CLANG_WARN__DUPLICATE_METHOD_MATCH = YES;
				"CODE_SIGN_IDENTITY[sdk=iphoneos*]" = "iPhone Developer";
				COPY_PHASE_STRIP = NO;
				DEBUG_INFORMATION_FORMAT = "dwarf-with-dsym";
				ENABLE_NS_ASSERTIONS = NO;
				ENABLE_STRICT_OBJC_MSGSEND = YES;
				GCC_C_LANGUAGE_STANDARD = gnu99;
				GCC_NO_COMMON_BLOCKS = YES;
				GCC_WARN_64_TO_32_BIT_CONVERSION = YES;
				GCC_WARN_ABOUT_RETURN_TYPE = YES_ERROR;
				GCC_WARN_UNDECLARED_SELECTOR = YES;
				GCC_WARN_UNINITIALIZED_AUTOS = YES_AGGRESSIVE;
				GCC_WARN_UNUSED_FUNCTION = YES;
				GCC_WARN_UNUSED_VARIABLE = YES;
				IPHONEOS_DEPLOYMENT_TARGET = 10.0;
				MTL_ENABLE_DEBUG_INFO = NO;
				SDKROOT = iphoneos;
				SWIFT_OPTIMIZATION_LEVEL = "-Owholemodule";
				TARGETED_DEVICE_FAMILY = "1,2";
				VALIDATE_PRODUCT = YES;
			};
			name = Release;
		};
		81554FCF1DBA5E1A003FE6E2 /* Debug */ = {
			isa = XCBuildConfiguration;
			buildSettings = {
				ASSETCATALOG_COMPILER_APPICON_NAME = AppIcon;
				DEVELOPMENT_TEAM = KL955RL3SL;
				INFOPLIST_FILE = Cassini/Info.plist;
				LD_RUNPATH_SEARCH_PATHS = "$(inherited) @executable_path/Frameworks";
				PRODUCT_BUNDLE_IDENTIFIER = com.tektonlabs.Cassini;
				PRODUCT_NAME = "$(TARGET_NAME)";
				SWIFT_VERSION = 3.0;
			};
			name = Debug;
		};
		81554FD01DBA5E1A003FE6E2 /* Release */ = {
			isa = XCBuildConfiguration;
			buildSettings = {
				ASSETCATALOG_COMPILER_APPICON_NAME = AppIcon;
				DEVELOPMENT_TEAM = KL955RL3SL;
				INFOPLIST_FILE = Cassini/Info.plist;
				LD_RUNPATH_SEARCH_PATHS = "$(inherited) @executable_path/Frameworks";
				PRODUCT_BUNDLE_IDENTIFIER = com.tektonlabs.Cassini;
				PRODUCT_NAME = "$(TARGET_NAME)";
				SWIFT_VERSION = 3.0;
			};
			name = Release;
		};
/* End XCBuildConfiguration section */

/* Begin XCConfigurationList section */
		81554FB71DBA5E1A003FE6E2 /* Build configuration list for PBXProject "Cassini" */ = {
			isa = XCConfigurationList;
			buildConfigurations = (
				81554FCC1DBA5E1A003FE6E2 /* Debug */,
				81554FCD1DBA5E1A003FE6E2 /* Release */,
			);
			defaultConfigurationIsVisible = 0;
			defaultConfigurationName = Release;
		};
		81554FCE1DBA5E1A003FE6E2 /* Build configuration list for PBXNativeTarget "Cassini" */ = {
			isa = XCConfigurationList;
			buildConfigurations = (
				81554FCF1DBA5E1A003FE6E2 /* Debug */,
				81554FD01DBA5E1A003FE6E2 /* Release */,
			);
			defaultConfigurationIsVisible = 0;
			defaultConfigurationName = Release;
		};
/* End XCConfigurationList section */
	};
	rootObject = 81554FB41DBA5E1A003FE6E2 /* Project object */;
}
